<?xml version="1.0" encoding="utf-8"?>
<Project ToolsVersion="4.0" xmlns="http://schemas.microsoft.com/developer/msbuild/2003">
  <ItemGroup>
    <Filter Include="Resource Files">
      <UniqueIdentifier>{67DA6AB6-F800-4c08-8B7A-83BB121AAD01}</UniqueIdentifier>
      <Extensions>rc;ico;cur;bmp;dlg;rc2;rct;bin;rgs;gif;jpg;jpeg;jpe;resx;tiff;tif;png;wav;mfcribbon-ms</Extensions>
    </Filter>
    <Filter Include="Files">
      <UniqueIdentifier>{01e663a4-0788-4d34-9df3-f9068d642ebc}</UniqueIdentifier>
    </Filter>
  </ItemGroup>
  <ItemGroup>
    <None Include="Win32SnippetRunner.ico">
      <Filter>Resource Files</Filter>
    </None>
  </ItemGroup>
  <ItemGroup>
    <ClInclude Include="Resource.h">
      <Filter>Resource Files</Filter>
    </ClInclude>
    <ClInclude Include="stdafx.h">
      <Filter>Files</Filter>
    </ClInclude>
    <ClInclude Include="Win32OpenGLContext.h">
      <Filter>Files</Filter>
    </ClInclude>
    <ClInclude Include="Win32Utils.h">
      <Filter>Files</Filter>
    </ClInclude>
    <ClInclude Include="Win32MessageKicker.h">
      <Filter>Files</Filter>
    </ClInclude>
    <ClInclude Include="Win32SnippetWindow.h">
      <Filter>Files</Filter>
    </ClInclude>
    <ClInclude Include="Win32PropertiesPanel.h">
      <Filter>Files</Filter>
    </ClInclude>
  </ItemGroup>
  <ItemGroup>
    <ClCompile Include="Win32SnippetRunner.cpp">
      <Filter>Files</Filter>
    </ClCompile>
    <ClCompile Include="Win32OpenGLContext.cpp">
      <Filter>Files</Filter>
    </ClCompile>
    <ClCompile Include="Win32Utils.cpp">
      <Filter>Files</Filter>
    </ClCompile>
    <ClCompile Include="Win32MessageKicker.cpp">
      <Filter>Files</Filter>
    </ClCompile>
    <ClCompile Include="Win32SnippetWindow.cpp">
      <Filter>Files</Filter>
    </ClCompile>
    <ClCompile Include="Win32PropertiesPanel.cpp">
      <Filter>Files</Filter>
    </ClCompile>
  </ItemGroup>
  <ItemGroup>
    <ResourceCompile Include="Win32SnippetRunner.rc">
      <Filter>Resource Files</Filter>
    </ResourceCompile>
  </ItemGroup>
</Project>