<?xml version="1.0" encoding="utf-8"?>
<Project ToolsVersion="4.0" xmlns="http://schemas.microsoft.com/developer/msbuild/2003">
  <ItemGroup>
    <Filter Include="glsl">
      <UniqueIdentifier>{90f89af3-6cfb-48ea-ae6f-d85a67b4b6cd}</UniqueIdentifier>
    </Filter>
  </ItemGroup>
  <ItemGroup>
    <ClInclude Include="cvfCamera.h" />
    <ClInclude Include="cvfDrawable.h" />
    <ClInclude Include="cvfDrawableGeo.h" />
    <ClInclude Include="cvfDrawableVectors.h" />
    <ClInclude Include="cvfGeometryBuilderDrawableGeo.h" />
    <ClInclude Include="cvfLibRender.h" />
    <ClInclude Include="cvfOpenGL.h" />
    <ClInclude Include="cvfOpenGLContext.h" />
    <ClInclude Include="cvfOpenGLResourceManager.h" />
    <ClInclude Include="cvfOpenGLTypes.h" />
    <ClInclude Include="cvfOverlayAxisCross.h" />
    <ClInclude Include="cvfOverlayColorLegend.h" />
    <ClInclude Include="cvfPrimitiveSet.h" />
    <ClInclude Include="cvfPrimitiveSetIndexedUInt.h" />
    <ClInclude Include="cvfPrimitiveSetIndexedUShort.h" />
    <ClInclude Include="cvfRenderState.h" />
    <ClInclude Include="cvfRenderStateSet.h" />
    <ClInclude Include="cvfSampler.h" />
    <ClInclude Include="cvfScalarMapper.h" />
    <ClInclude Include="cvfShader.h" />
    <ClInclude Include="cvfShaderProgram.h" />
    <ClInclude Include="cvfShaderSourceRepository.h" />
    <ClInclude Include="cvfTexture.h" />
    <ClInclude Include="cvfTextureImage.h" />
    <ClInclude Include="cvfUniform.h" />
    <ClInclude Include="cvfUniformSet.h" />
    <ClInclude Include="cvfViewport.h" />
    <ClInclude Include="cvfBufferObjectManaged.h" />
    <ClInclude Include="cvfScalarMapperUniformLevels.h" />
    <ClInclude Include="cvfRenderStateTracker.h" />
    <ClInclude Include="cvfTexture2D_FF.h" />
    <ClInclude Include="cvfRenderState_FF.h" />
    <ClInclude Include="cvfMatrixState.h" />
    <ClInclude Include="cvfShaderSourceRepositoryFile.h" />
    <ClInclude Include="cvfFont.h" />
    <ClInclude Include="cvfTextDrawer.h" />
    <ClInclude Include="cvfGlyph.h" />
    <ClInclude Include="cvfFixedAtlasFont.h" />
    <ClInclude Include="cvfDrawableText.h" />
    <ClInclude Include="cvfShaderProgramGenerator.h" />
    <ClInclude Include="cvfShaderSourceProvider.h" />
    <ClInclude Include="cvfPrimitiveSetIndexedUIntScoped.h" />
    <ClInclude Include="cvfShaderSourceStrings.h" />
    <ClInclude Include="glsl\vs_Standard.glsl">
      <Filter>glsl</Filter>
    </ClInclude>
    <ClInclude Include="glsl\vs_MinimalTexture.glsl">
      <Filter>glsl</Filter>
    </ClInclude>
    <ClInclude Include="glsl\vs_Minimal.glsl">
      <Filter>glsl</Filter>
    </ClInclude>
    <ClInclude Include="glsl\vs_FullScreenQuad.glsl">
      <Filter>glsl</Filter>
    </ClInclude>
    <ClInclude Include="glsl\vs_EnvironmentMapping.glsl">
      <Filter>glsl</Filter>
    </ClInclude>
    <ClInclude Include="glsl\vs_DistanceScaledPoints.glsl">
      <Filter>glsl</Filter>
    </ClInclude>
    <ClInclude Include="glsl\src_Texture.glsl">
      <Filter>glsl</Filter>
    </ClInclude>
    <ClInclude Include="glsl\src_Color.glsl">
      <Filter>glsl</Filter>
    </ClInclude>
    <ClInclude Include="glsl\light_SimpleHeadlight.glsl">
      <Filter>glsl</Filter>
    </ClInclude>
    <ClInclude Include="glsl\light_PhongDual.glsl">
      <Filter>glsl</Filter>
    </ClInclude>
    <ClInclude Include="glsl\light_Phong.glsl">
      <Filter>glsl</Filter>
    </ClInclude>
    <ClInclude Include="glsl\gs_PassThroughTriangle_v33.glsl">
      <Filter>glsl</Filter>
    </ClInclude>
    <ClInclude Include="glsl\fs_Void.glsl">
      <Filter>glsl</Filter>
    </ClInclude>
    <ClInclude Include="glsl\fs_VectorDrawer.glsl">
      <Filter>glsl</Filter>
    </ClInclude>
    <ClInclude Include="glsl\fs_Unlit.glsl">
      <Filter>glsl</Filter>
    </ClInclude>
    <ClInclude Include="glsl\fs_Text.glsl">
      <Filter>glsl</Filter>
    </ClInclude>
    <ClInclude Include="glsl\fs_Standard.glsl">
      <Filter>glsl</Filter>
    </ClInclude>
    <ClInclude Include="glsl\fs_Shadow_v33.glsl">
      <Filter>glsl</Filter>
    </ClInclude>
    <ClInclude Include="glsl\fs_FixedColorMagenta.glsl">
      <Filter>glsl</Filter>
    </ClInclude>
    <ClInclude Include="glsl\vs_VectorDrawer.glsl">
      <Filter>glsl</Filter>
    </ClInclude>
    <ClInclude Include="glsl\fs_CenterLitSpherePoints.glsl">
      <Filter>glsl</Filter>
    </ClInclude>
    <ClInclude Include="glsl\fs_GradientTopBottom.glsl">
      <Filter>glsl</Filter>
    </ClInclude>
    <ClInclude Include="glsl\calcShadowCoord.glsl">
      <Filter>glsl</Filter>
    </ClInclude>
    <ClInclude Include="glsl\checkDiscard_ClipDistances.glsl">
      <Filter>glsl</Filter>
    </ClInclude>
    <ClInclude Include="glsl\calcClipDistances.glsl">
      <Filter>glsl</Filter>
    </ClInclude>
    <ClInclude Include="cvfPrimitiveSetIndexedUShortScoped.h" />
    <ClInclude Include="cvfVertexAttribute.h" />
    <ClInclude Include="glsl\vs_ParticleTraceComets.glsl">
      <Filter>glsl</Filter>
    </ClInclude>
    <ClInclude Include="glsl\fs_ParticleTraceComets.glsl">
      <Filter>glsl</Filter>
    </ClInclude>
    <ClInclude Include="cvfPrimitiveSetDirect.h" />
    <ClInclude Include="cvfOverlayItem.h" />
    <ClInclude Include="cvfHitDetail.h" />
    <ClInclude Include="cvfOpenGLContextGroup.h" />
    <ClInclude Include="cvfOglRc.h" />
    <ClInclude Include="cvfFramebufferObject.h" />
    <ClInclude Include="cvfRenderbufferObject.h" />
    <ClInclude Include="cvfOpenGLCapabilities.h" />
    <ClInclude Include="cvfOverlayTextBox.h" />
    <ClInclude Include="glsl\src_TextureGlobalAlpha.glsl">
      <Filter>glsl</Filter>
    </ClInclude>
    <ClInclude Include="glsl\src_TextureFromPointCoord.glsl">
      <Filter>glsl</Filter>
    </ClInclude>
    <ClInclude Include="glsl\src_TextureRectFromFragCoord_v33.glsl">
      <Filter>glsl</Filter>
    </ClInclude>
    <ClInclude Include="cvfVertexBundle.h" />
    <ClInclude Include="glsl\light_Headlight.glsl">
      <Filter>glsl</Filter>
    </ClInclude>
    <ClInclude Include="cvfRenderStateBlending.h" />
    <ClInclude Include="cvfRenderStateColorMask.h" />
    <ClInclude Include="cvfRenderStateCullFace.h" />
    <ClInclude Include="cvfRenderStateDepth.h" />
    <ClInclude Include="cvfRenderStateFrontFace.h" />
    <ClInclude Include="cvfRenderStateLine.h" />
    <ClInclude Include="cvfRenderStatePoint.h" />
    <ClInclude Include="cvfRenderStatePolygonMode.h" />
    <ClInclude Include="cvfRenderStatePolygonOffset.h" />
    <ClInclude Include="cvfRenderStateTextureBindings.h" />
    <ClInclude Include="cvfOverlayNavigationCube.h" />
    <ClInclude Include="cvfRenderStateStencil.h" />
    <ClInclude Include="glsl\fs_GradientTopMiddleBottom.glsl">
      <Filter>glsl</Filter>
    </ClInclude>
    <ClInclude Include="glsl\fs_GaussianBlur.glsl">
      <Filter>glsl</Filter>
    </ClInclude>
    <ClInclude Include="glsl\fs_HighlightStencilBlur_v33.glsl">
      <Filter>glsl</Filter>
    </ClInclude>
    <ClInclude Include="glsl\fs_HighlightStencilMix_v33.glsl">
      <Filter>glsl</Filter>
    </ClInclude>
    <ClInclude Include="glsl\fs_HighlightStencilDraw.glsl">
      <Filter>glsl</Filter>
    </ClInclude>
    <ClInclude Include="glsl\fs_HighlightMix.glsl">
      <Filter>glsl</Filter>
    </ClInclude>
    <ClInclude Include="cvfOverlayImage.h" />
    <ClInclude Include="cvfCameraAnimation.h" />
    <ClInclude Include="glsl\src_TwoSidedColor.glsl">
      <Filter>glsl</Filter>
    </ClInclude>
    <ClInclude Include="glsl\src_VaryingColorGlobalAlpha.glsl">
      <Filter>glsl</Filter>
    </ClInclude>
  </ItemGroup>
  <ItemGroup>
    <None Include="glsl\!AddingAndModifyingGlslFiles.txt">
      <Filter>glsl</Filter>
    </None>
    <None Include="CMakeLists.txt" />
  </ItemGroup>
  <ItemGroup>
    <ClCompile Include="cvfCamera.cpp" />
    <ClCompile Include="cvfDrawable.cpp" />
    <ClCompile Include="cvfDrawableGeo.cpp" />
    <ClCompile Include="cvfDrawableVectors.cpp" />
    <ClCompile Include="cvfGeometryBuilderDrawableGeo.cpp" />
    <ClCompile Include="cvfOpenGL.cpp" />
    <ClCompile Include="cvfOpenGLContext.cpp" />
    <ClCompile Include="cvfOpenGLResourceManager.cpp" />
    <ClCompile Include="cvfOverlayAxisCross.cpp" />
    <ClCompile Include="cvfOverlayColorLegend.cpp" />
    <ClCompile Include="cvfPrimitiveSet.cpp" />
    <ClCompile Include="cvfPrimitiveSetIndexedUInt.cpp" />
    <ClCompile Include="cvfPrimitiveSetIndexedUShort.cpp" />
    <ClCompile Include="cvfRenderState.cpp" />
    <ClCompile Include="cvfRenderStateSet.cpp" />
    <ClCompile Include="cvfSampler.cpp" />
    <ClCompile Include="cvfScalarMapper.cpp" />
    <ClCompile Include="cvfShader.cpp" />
    <ClCompile Include="cvfShaderProgram.cpp" />
    <ClCompile Include="cvfShaderSourceRepository.cpp" />
    <ClCompile Include="cvfTexture.cpp" />
    <ClCompile Include="cvfTextureImage.cpp" />
    <ClCompile Include="cvfUniform.cpp" />
    <ClCompile Include="cvfUniformSet.cpp" />
    <ClCompile Include="cvfViewport.cpp" />
    <ClCompile Include="cvfBufferObjectManaged.cpp" />
    <ClCompile Include="cvfScalarMapperUniformLevels.cpp" />
    <ClCompile Include="cvfRenderStateTracker.cpp" />
    <ClCompile Include="cvfTexture2D_FF.cpp" />
    <ClCompile Include="cvfRenderState_FF.cpp" />
    <ClCompile Include="cvfMatrixState.cpp" />
    <ClCompile Include="cvfShaderSourceRepositoryFile.cpp" />
    <ClCompile Include="cvfFont.cpp" />
    <ClCompile Include="cvfTextDrawer.cpp" />
    <ClCompile Include="cvfGlyph.cpp" />
    <ClCompile Include="cvfFixedAtlasFont.cpp" />
    <ClCompile Include="cvfDrawableText.cpp" />
    <ClCompile Include="cvfShaderProgramGenerator.cpp" />
    <ClCompile Include="cvfShaderSourceProvider.cpp" />
    <ClCompile Include="cvfPrimitiveSetIndexedUIntScoped.cpp" />
    <ClCompile Include="cvfPrimitiveSetIndexedUShortScoped.cpp" />
    <ClCompile Include="cvfVertexAttribute.cpp" />
    <ClCompile Include="cvfPrimitiveSetDirect.cpp" />
    <ClCompile Include="cvfHitDetail.cpp" />
    <ClCompile Include="cvfOpenGLContextGroup.cpp" />
    <ClCompile Include="cvfOglRc.cpp" />
    <ClCompile Include="cvfFramebufferObject.cpp" />
    <ClCompile Include="cvfRenderbufferObject.cpp" />
    <ClCompile Include="cvfOpenGLCapabilities.cpp" />
    <ClCompile Include="cvfOverlayTextBox.cpp" />
    <ClCompile Include="cvfVertexBundle.cpp" />
    <ClCompile Include="cvfOverlayItem.cpp" />
    <ClCompile Include="cvfRenderStateBlending.cpp" />
    <ClCompile Include="cvfRenderStateColorMask.cpp" />
    <ClCompile Include="cvfRenderStateCullFace.cpp" />
    <ClCompile Include="cvfRenderStateDepth.cpp" />
    <ClCompile Include="cvfRenderStateFrontFace.cpp" />
    <ClCompile Include="cvfRenderStateLine.cpp" />
    <ClCompile Include="cvfRenderStatePoint.cpp" />
    <ClCompile Include="cvfRenderStatePolygonMode.cpp" />
    <ClCompile Include="cvfRenderStatePolygonOffset.cpp" />
    <ClCompile Include="cvfRenderStateTextureBindings.cpp" />
    <ClCompile Include="cvfOverlayNavigationCube.cpp" />
    <ClCompile Include="cvfRenderStateStencil.cpp" />
    <ClCompile Include="cvfOverlayImage.cpp" />
    <ClCompile Include="cvfCameraAnimation.cpp" />
  </ItemGroup>
</Project>