<?xml version="1.0" encoding="utf-8"?>
<Project ToolsVersion="4.0" xmlns="http://schemas.microsoft.com/developer/msbuild/2003">
  <ItemGroup>
    <ClCompile Include="cvfuInputEvents.cpp" />
    <ClCompile Include="cvfuSnippetFactory.cpp" />
    <ClCompile Include="cvfuTestSnippet.cpp" />
    <ClCompile Include="cvfuSampleFactory.cpp" />
    <ClCompile Include="cvfuImageJpeg.cpp" />
    <ClCompile Include="cvfuWavefrontObjImport.cpp" />
    <ClCompile Include="cvfuProperty.cpp" />
    <ClCompile Include="cvfuSnippetPropertyPublisher.cpp" />
    <ClCompile Include="cvfuPointLight.cpp" />
    <ClCompile Include="cvfuPartCompoundGenerator.cpp" />
    <ClCompile Include="cvfuImageTga.cpp" />
  </ItemGroup>
  <ItemGroup>
    <None Include="CMakeLists.txt" />
  </ItemGroup>
  <ItemGroup>
    <ClInclude Include="cvfuInputEvents.h" />
    <ClInclude Include="cvfuInputTypes.h" />
    <ClInclude Include="cvfuSnippetFactory.h" />
    <ClInclude Include="cvfuTestSnippet.h" />
    <ClInclude Include="cvfuSampleFactory.h" />
    <ClInclude Include="cvfuImageJpeg.h" />
    <ClInclude Include="cvfuWavefrontObjImport.h" />
    <ClInclude Include="cvfuLibUtilities.h" />
    <ClInclude Include="cvfuProperty.h" />
    <ClInclude Include="cvfuSnippetPropertyPublisher.h" />
    <ClInclude Include="cvfuPointLight.h" />
    <ClInclude Include="cvfuPartCompoundGenerator.h" />
    <ClInclude Include="cvfuImageTga.h" />
  </ItemGroup>
</Project>