
Microsoft Visual Studio Solution File, Format Version 11.00
# Visual Studio 2010
Project("{8BC9CEB8-8B4A-11D0-8D11-00A0C91BC942}") = "Win32SnippetRunner", "Win32SnippetRunner\Win32SnippetRunner.vcxproj", "{8222DBB8-49C7-41B0-A3C1-F5F663B71F06}"
	ProjectSection(ProjectDependencies) = postProject
		{181472EE-4B37-01E8-49D5-6213678FE4F8} = {181472EE-4B37-01E8-49D5-6213678FE4F8}
	EndProjectSection
EndProject
Project("{8BC9CEB8-8B4A-11D0-8D11-00A0C91BC942}") = "LibViewing", "..\..\LibViewing\LibViewing.vcxproj", "{122D4663-11D6-D12F-8748-629A34E9075E}"
EndProject
Project("{8BC9CEB8-8B4A-11D0-8D11-00A0C91BC942}") = "LibCore", "..\..\LibCore\LibCore.vcxproj", "{A9C7A239-B761-A892-BF34-5AECA0D9EE88}"
EndProject
Project("{8BC9CEB8-8B4A-11D0-8D11-00A0C91BC942}") = "LibGeometry", "..\..\LibGeometry\LibGeometry.vcxproj", "{EFD5C9AC-8988-F190-AA2C-E36EBE361E90}"
EndProject
Project("{8BC9CEB8-8B4A-11D0-8D11-00A0C91BC942}") = "LibRender", "..\..\LibRender\LibRender.vcxproj", "{C07ADE80-5C4F-E6E3-DD1A-5A619403FA9F}"
EndProject
Project("{8BC9CEB8-8B4A-11D0-8D11-00A0C91BC942}") = "LibUtilities", "..\..\LibUtilities\LibUtilities.vcxproj", "{ECF1BECD-E624-F971-C70A-F84686A36084}"
EndProject
Project("{8BC9CEB8-8B4A-11D0-8D11-00A0C91BC942}") = "LibStructGrid", "..\..\LibStructGrid\LibStructGrid.vcxproj", "{C22D8A0D-2318-3353-F75A-E83B82A3B29F}"
EndProject
Project("{8BC9CEB8-8B4A-11D0-8D11-00A0C91BC942}") = "SnippetsBasis", "..\..\Tests\SnippetsBasis\SnippetsBasis.vcxproj", "{0D83607B-E0F7-DBA8-2F1F-8400C30B2008}"
EndProject
Project("{8BC9CEB8-8B4A-11D0-8D11-00A0C91BC942}") = "LibFreeType", "..\..\LibFreeType\LibFreeType.vcxproj", "{2667AC1D-CA80-42F8-8644-DDB58D342FF2}"
EndProject
Project("{8BC9CEB8-8B4A-11D0-8D11-00A0C91BC942}") = "freetype", "..\..\ThirdParty\FreeType\builds\win32\vc2010\freetype.vcxproj", "{78B079BD-9FC7-4B9E-B4A6-96DA0F00248B}"
EndProject
Project("{8BC9CEB8-8B4A-11D0-8D11-00A0C91BC942}") = "LibIo", "..\..\LibIo\LibIo.vcxproj", "{181472EE-4B37-01E8-49D5-6213678FE4F8}"
EndProject
Global
	GlobalSection(SolutionConfigurationPlatforms) = preSolution
		Debug MD|Win32 = Debug MD|Win32
		Debug MD|x64 = Debug MD|x64
		Release MD|Win32 = Release MD|Win32
		Release MD|x64 = Release MD|x64
	EndGlobalSection
	GlobalSection(ProjectConfigurationPlatforms) = postSolution
		{8222DBB8-49C7-41B0-A3C1-F5F663B71F06}.Debug MD|Win32.ActiveCfg = Debug MD|Win32
		{8222DBB8-49C7-41B0-A3C1-F5F663B71F06}.Debug MD|Win32.Build.0 = Debug MD|Win32
		{8222DBB8-49C7-41B0-A3C1-F5F663B71F06}.Debug MD|x64.ActiveCfg = Debug MD|x64
		{8222DBB8-49C7-41B0-A3C1-F5F663B71F06}.Debug MD|x64.Build.0 = Debug MD|x64
		{8222DBB8-49C7-41B0-A3C1-F5F663B71F06}.Release MD|Win32.ActiveCfg = Release MD|Win32
		{8222DBB8-49C7-41B0-A3C1-F5F663B71F06}.Release MD|Win32.Build.0 = Release MD|Win32
		{8222DBB8-49C7-41B0-A3C1-F5F663B71F06}.Release MD|x64.ActiveCfg = Release MD|x64
		{8222DBB8-49C7-41B0-A3C1-F5F663B71F06}.Release MD|x64.Build.0 = Release MD|x64
		{122D4663-11D6-D12F-8748-629A34E9075E}.Debug MD|Win32.ActiveCfg = Debug MD|Win32
		{122D4663-11D6-D12F-8748-629A34E9075E}.Debug MD|Win32.Build.0 = Debug MD|Win32
		{122D4663-11D6-D12F-8748-629A34E9075E}.Debug MD|x64.ActiveCfg = Debug MD|x64
		{122D4663-11D6-D12F-8748-629A34E9075E}.Debug MD|x64.Build.0 = Debug MD|x64
		{122D4663-11D6-D12F-8748-629A34E9075E}.Release MD|Win32.ActiveCfg = Release MD|Win32
		{122D4663-11D6-D12F-8748-629A34E9075E}.Release MD|Win32.Build.0 = Release MD|Win32
		{122D4663-11D6-D12F-8748-629A34E9075E}.Release MD|x64.ActiveCfg = Release MD|x64
		{122D4663-11D6-D12F-8748-629A34E9075E}.Release MD|x64.Build.0 = Release MD|x64
		{A9C7A239-B761-A892-BF34-5AECA0D9EE88}.Debug MD|Win32.ActiveCfg = Debug MD|Win32
		{A9C7A239-B761-A892-BF34-5AECA0D9EE88}.Debug MD|Win32.Build.0 = Debug MD|Win32
		{A9C7A239-B761-A892-BF34-5AECA0D9EE88}.Debug MD|x64.ActiveCfg = Debug MD|x64
		{A9C7A239-B761-A892-BF34-5AECA0D9EE88}.Debug MD|x64.Build.0 = Debug MD|x64
		{A9C7A239-B761-A892-BF34-5AECA0D9EE88}.Release MD|Win32.ActiveCfg = Release MD|Win32
		{A9C7A239-B761-A892-BF34-5AECA0D9EE88}.Release MD|Win32.Build.0 = Release MD|Win32
		{A9C7A239-B761-A892-BF34-5AECA0D9EE88}.Release MD|x64.ActiveCfg = Release MD|x64
		{A9C7A239-B761-A892-BF34-5AECA0D9EE88}.Release MD|x64.Build.0 = Release MD|x64
		{EFD5C9AC-8988-F190-AA2C-E36EBE361E90}.Debug MD|Win32.ActiveCfg = Debug MD|Win32
		{EFD5C9AC-8988-F190-AA2C-E36EBE361E90}.Debug MD|Win32.Build.0 = Debug MD|Win32
		{EFD5C9AC-8988-F190-AA2C-E36EBE361E90}.Debug MD|x64.ActiveCfg = Debug MD|x64
		{EFD5C9AC-8988-F190-AA2C-E36EBE361E90}.Debug MD|x64.Build.0 = Debug MD|x64
		{EFD5C9AC-8988-F190-AA2C-E36EBE361E90}.Release MD|Win32.ActiveCfg = Release MD|Win32
		{EFD5C9AC-8988-F190-AA2C-E36EBE361E90}.Release MD|Win32.Build.0 = Release MD|Win32
		{EFD5C9AC-8988-F190-AA2C-E36EBE361E90}.Release MD|x64.ActiveCfg = Release MD|x64
		{EFD5C9AC-8988-F190-AA2C-E36EBE361E90}.Release MD|x64.Build.0 = Release MD|x64
		{C07ADE80-5C4F-E6E3-DD1A-5A619403FA9F}.Debug MD|Win32.ActiveCfg = Debug MD|Win32
		{C07ADE80-5C4F-E6E3-DD1A-5A619403FA9F}.Debug MD|Win32.Build.0 = Debug MD|Win32
		{C07ADE80-5C4F-E6E3-DD1A-5A619403FA9F}.Debug MD|x64.ActiveCfg = Debug MD|x64
		{C07ADE80-5C4F-E6E3-DD1A-5A619403FA9F}.Debug MD|x64.Build.0 = Debug MD|x64
		{C07ADE80-5C4F-E6E3-DD1A-5A619403FA9F}.Release MD|Win32.ActiveCfg = Release MD|Win32
		{C07ADE80-5C4F-E6E3-DD1A-5A619403FA9F}.Release MD|Win32.Build.0 = Release MD|Win32
		{C07ADE80-5C4F-E6E3-DD1A-5A619403FA9F}.Release MD|x64.ActiveCfg = Release MD|x64
		{C07ADE80-5C4F-E6E3-DD1A-5A619403FA9F}.Release MD|x64.Build.0 = Release MD|x64
		{ECF1BECD-E624-F971-C70A-F84686A36084}.Debug MD|Win32.ActiveCfg = Debug MD|Win32
		{ECF1BECD-E624-F971-C70A-F84686A36084}.Debug MD|Win32.Build.0 = Debug MD|Win32
		{ECF1BECD-E624-F971-C70A-F84686A36084}.Debug MD|x64.ActiveCfg = Debug MD|x64
		{ECF1BECD-E624-F971-C70A-F84686A36084}.Debug MD|x64.Build.0 = Debug MD|x64
		{ECF1BECD-E624-F971-C70A-F84686A36084}.Release MD|Win32.ActiveCfg = Release MD|Win32
		{ECF1BECD-E624-F971-C70A-F84686A36084}.Release MD|Win32.Build.0 = Release MD|Win32
		{ECF1BECD-E624-F971-C70A-F84686A36084}.Release MD|x64.ActiveCfg = Release MD|x64
		{ECF1BECD-E624-F971-C70A-F84686A36084}.Release MD|x64.Build.0 = Release MD|x64
		{C22D8A0D-2318-3353-F75A-E83B82A3B29F}.Debug MD|Win32.ActiveCfg = Debug MD|Win32
		{C22D8A0D-2318-3353-F75A-E83B82A3B29F}.Debug MD|Win32.Build.0 = Debug MD|Win32
		{C22D8A0D-2318-3353-F75A-E83B82A3B29F}.Debug MD|x64.ActiveCfg = Debug MD|x64
		{C22D8A0D-2318-3353-F75A-E83B82A3B29F}.Debug MD|x64.Build.0 = Debug MD|x64
		{C22D8A0D-2318-3353-F75A-E83B82A3B29F}.Release MD|Win32.ActiveCfg = Release MD|Win32
		{C22D8A0D-2318-3353-F75A-E83B82A3B29F}.Release MD|Win32.Build.0 = Release MD|Win32
		{C22D8A0D-2318-3353-F75A-E83B82A3B29F}.Release MD|x64.ActiveCfg = Release MD|x64
		{C22D8A0D-2318-3353-F75A-E83B82A3B29F}.Release MD|x64.Build.0 = Release MD|x64
		{0D83607B-E0F7-DBA8-2F1F-8400C30B2008}.Debug MD|Win32.ActiveCfg = Debug MD|Win32
		{0D83607B-E0F7-DBA8-2F1F-8400C30B2008}.Debug MD|Win32.Build.0 = Debug MD|Win32
		{0D83607B-E0F7-DBA8-2F1F-8400C30B2008}.Debug MD|x64.ActiveCfg = Debug MD|x64
		{0D83607B-E0F7-DBA8-2F1F-8400C30B2008}.Debug MD|x64.Build.0 = Debug MD|x64
		{0D83607B-E0F7-DBA8-2F1F-8400C30B2008}.Release MD|Win32.ActiveCfg = Release MD|Win32
		{0D83607B-E0F7-DBA8-2F1F-8400C30B2008}.Release MD|Win32.Build.0 = Release MD|Win32
		{0D83607B-E0F7-DBA8-2F1F-8400C30B2008}.Release MD|x64.ActiveCfg = Release MD|x64
		{0D83607B-E0F7-DBA8-2F1F-8400C30B2008}.Release MD|x64.Build.0 = Release MD|x64
		{2667AC1D-CA80-42F8-8644-DDB58D342FF2}.Debug MD|Win32.ActiveCfg = Debug MD|Win32
		{2667AC1D-CA80-42F8-8644-DDB58D342FF2}.Debug MD|Win32.Build.0 = Debug MD|Win32
		{2667AC1D-CA80-42F8-8644-DDB58D342FF2}.Debug MD|x64.ActiveCfg = Debug MD|x64
		{2667AC1D-CA80-42F8-8644-DDB58D342FF2}.Debug MD|x64.Build.0 = Debug MD|x64
		{2667AC1D-CA80-42F8-8644-DDB58D342FF2}.Release MD|Win32.ActiveCfg = Release MD|Win32
		{2667AC1D-CA80-42F8-8644-DDB58D342FF2}.Release MD|Win32.Build.0 = Release MD|Win32
		{2667AC1D-CA80-42F8-8644-DDB58D342FF2}.Release MD|x64.ActiveCfg = Release MD|x64
		{2667AC1D-CA80-42F8-8644-DDB58D342FF2}.Release MD|x64.Build.0 = Release MD|x64
		{78B079BD-9FC7-4B9E-B4A6-96DA0F00248B}.Debug MD|Win32.ActiveCfg = Debug MD|Win32
		{78B079BD-9FC7-4B9E-B4A6-96DA0F00248B}.Debug MD|Win32.Build.0 = Debug MD|Win32
		{78B079BD-9FC7-4B9E-B4A6-96DA0F00248B}.Debug MD|x64.ActiveCfg = Debug MD|x64
		{78B079BD-9FC7-4B9E-B4A6-96DA0F00248B}.Debug MD|x64.Build.0 = Debug MD|x64
		{78B079BD-9FC7-4B9E-B4A6-96DA0F00248B}.Release MD|Win32.ActiveCfg = Release MD|Win32
		{78B079BD-9FC7-4B9E-B4A6-96DA0F00248B}.Release MD|Win32.Build.0 = Release MD|Win32
		{78B079BD-9FC7-4B9E-B4A6-96DA0F00248B}.Release MD|x64.ActiveCfg = Release MD|x64
		{78B079BD-9FC7-4B9E-B4A6-96DA0F00248B}.Release MD|x64.Build.0 = Release MD|x64
		{181472EE-4B37-01E8-49D5-6213678FE4F8}.Debug MD|Win32.ActiveCfg = Debug MD|Win32
		{181472EE-4B37-01E8-49D5-6213678FE4F8}.Debug MD|Win32.Build.0 = Debug MD|Win32
		{181472EE-4B37-01E8-49D5-6213678FE4F8}.Debug MD|x64.ActiveCfg = Debug MD|x64
		{181472EE-4B37-01E8-49D5-6213678FE4F8}.Debug MD|x64.Build.0 = Debug MD|x64
		{181472EE-4B37-01E8-49D5-6213678FE4F8}.Release MD|Win32.ActiveCfg = Release MD|Win32
		{181472EE-4B37-01E8-49D5-6213678FE4F8}.Release MD|Win32.Build.0 = Release MD|Win32
		{181472EE-4B37-01E8-49D5-6213678FE4F8}.Release MD|x64.ActiveCfg = Release MD|x64
		{181472EE-4B37-01E8-49D5-6213678FE4F8}.Release MD|x64.Build.0 = Release MD|x64
	EndGlobalSection
	GlobalSection(SolutionProperties) = preSolution
		HideSolutionNode = FALSE
	EndGlobalSection
EndGlobal
